# This file was autogenerated by Stack.
# You should not edit this file by hand.
# For more information, please see the documentation at:
#   https://docs.haskellstack.org/en/stable/lock_files

packages:
- completed:
    hackage: bloomfilter-2.0.1.2@sha256:d0e89d4ab73f95a036921619904243b9118016f4e7e3ab9e81265358f99025f6,1965
    pantry-tree:
      sha256: a543064895edcdf10ea27669191035a81c252180add933156cad3ca9cd68b6d7
      size: 1132
  original:
    hackage: bloomfilter-2.0.1.2@sha256:d0e89d4ab73f95a036921619904243b9118016f4e7e3ab9e81265358f99025f6,1965
- completed:
    hackage: pact-time-0.2.0.2@sha256:d8ec0c873d530ba85cb2c911798d26937caa798e58040f5d1e4c6ce99218bb3c,2740
    pantry-tree:
      sha256: e35ab8bbc97b785f59ff1458db95f5313bcd407934a39cd39955f7154e4a29be
      size: 797
  original:
    hackage: pact-time-0.2.0.2@sha256:d8ec0c873d530ba85cb2c911798d26937caa798e58040f5d1e4c6ce99218bb3c,2740
- completed:
    hackage: poly-0.5.1.0@sha256:8c574f017913982fd70567545bec423823ff5bdf236c19d1443f3af47e0218ba,3418
    pantry-tree:
      sha256: e59a1e3809fee49968cf9505edf849109d733e4e795b49e2d5fdef1a4993c31d
      size: 2531
  original:
    hackage: poly-0.5.1.0@sha256:8c574f017913982fd70567545bec423823ff5bdf236c19d1443f3af47e0218ba,3418
- completed:
    hackage: prelude-extras-0.4.0.3@sha256:1c10b0123ea13a6423d74a8fcbaeb2d5249b472588abde418a36b47b7c4f48c8,1163
    pantry-tree:
      sha256: a03f60a1250c9d0daaf208ba58ccf24e05e0807f2e3dc7892fad3f2f3a196f7f
      size: 476
  original:
    hackage: prelude-extras-0.4.0.3@sha256:1c10b0123ea13a6423d74a8fcbaeb2d5249b472588abde418a36b47b7c4f48c8,1163
- completed:
    hackage: snap-server-1.1.2.1@sha256:8ea05b9b068c1e86be77073107eadc177d7eec93724963c063877478a062b229,15471
    pantry-tree:
      sha256: ddeae933a2dfb19eebe466b1be5014b002154f18624e654086b13fe4bb56c0fd
      size: 3313
  original:
    hackage: snap-server-1.1.2.1@sha256:8ea05b9b068c1e86be77073107eadc177d7eec93724963c063877478a062b229,15471
- completed:
    commit: e74f4d69dc42b6ee9201a9cf42b4f6c278d123d4
    git: git@github.com:aravindgopall/pact.git
    name: pact
    pantry-tree:
      sha256: 15b1d891c6e17ca990318ed5336cdda9ca4a9070c9981426187a567d4b0cbe4a
      size: 31155
    version: '4.10'
  original:
    commit: e74f4d69dc42b6ee9201a9cf42b4f6c278d123d4
    git: git@github.com:aravindgopall/pact.git
- completed:
    commit: 2d75e5d9ee4ae6484f1f16218dd5e767ef97f593
    git: https://github.com/kadena-io/pact-json.git
    name: pact-json
    pantry-tree:
      sha256: 49de97eab822bae78515a1ea54793ef2bbfc804fd6ce65a931f7706047bb79fa
      size: 1024
    version: 0.1.0.0
  original:
    commit: 2d75e5d9ee4ae6484f1f16218dd5e767ef97f593
    git: https://github.com/kadena-io/pact-json.git
- completed:
    hackage: ed25519-donna-0.1.1@sha256:344c0bb83603ed896012f441e54b380314dc4910320577cd18a9071e34f24fe9,2358
    pantry-tree:
      sha256: a2a0790a36cf8f7a63b98a4d443c5a84f66b189b3c2c2ddd97bc9f983d5fa9ba
      size: 2298
  original:
    hackage: ed25519-donna-0.1.1
- completed:
    hackage: prettyprinter-convert-ansi-wl-pprint-1.1@sha256:ae908ee44422c38a696858f04928d4b2448df656c09e6b5f5b1be05d99669fb0,3022
    pantry-tree:
      sha256: 299c3e9e248f254cd58d2cd3da13c06681c06238aa01f1f22b4aa0bb7c4b8591
      size: 383
  original:
    hackage: prettyprinter-convert-ansi-wl-pprint-1.1
- completed:
    commit: 5bad74c93936265046b511308a19e5f864094b75
    git: https://github.com/aravindgopall/sbv
    name: sbv
    pantry-tree:
      sha256: cceef7967c8ca6560c287955f3a0bf3e7bf9478c323b89c2b7eee14feca4eb61
      size: 65568
    version: '9.2'
  original:
    commit: 5bad74c93936265046b511308a19e5f864094b75
    git: https://github.com/aravindgopall/sbv
- completed:
    commit: 6ee9fcb026ebdb49b810802a981d166680d867c9
    git: https://github.com/kadena-io/thyme.git
    name: thyme
    pantry-tree:
      sha256: 6d9605f1ac1e08ab60860d68e0e47773fa6e762ba032756f2d3e1e20fb905ec2
      size: 2198
    version: 0.3.6.0
  original:
    commit: 6ee9fcb026ebdb49b810802a981d166680d867c9
    git: https://github.com/kadena-io/thyme.git
- completed:
    commit: 9aedd58b472d920c90e189226116421807c2bb20
    git: https://github.com/arshad-6093/crypton.git
    name: crypton
    pantry-tree:
      sha256: 8d71cf3c6e870c1a9d1c82e58efdae62ce2d49a0a7640ef1c7f19a24a4c8af6b
      size: 26874
    version: '0.34'
  original:
    commit: 9aedd58b472d920c90e189226116421807c2bb20
    git: https://github.com/arshad-6093/crypton.git
snapshots:
- completed:
    sha256: caa77fdbc5b9f698262b21ee78030133272ec53116ad6ddbefdc4c321f668e0c
    size: 640014
    url: https://raw.githubusercontent.com/commercialhaskell/stackage-snapshots/master/lts/21/4.yaml
  original: lts-21.4
